// !$*UTF8*$!
{
	archiveVersion = 1;
	classes = {
	};
	objectVersion = 55;
	objects = {

/* Begin PBXBuildFile section */
		E32B81912773FA5600EDD725 /* Item-CoreDataHelpers.swift in Sources */ = {isa = PBXBuildFile; fileRef = E32B81902773FA5600EDD725 /* Item-CoreDataHelpers.swift */; };
		E32B81932773FBBA00EDD725 /* Project-CoreDataHelpers.swift in Sources */ = {isa = PBXBuildFile; fileRef = E32B81922773FBBA00EDD725 /* Project-CoreDataHelpers.swift */; };
		E32B81952774D0A800EDD725 /* EditItemView.swift in Sources */ = {isa = PBXBuildFile; fileRef = E32B81942774D0A800EDD725 /* EditItemView.swift */; };
		E32B81972774D53100EDD725 /* ItemRowView.swift in Sources */ = {isa = PBXBuildFile; fileRef = E32B81962774D53100EDD725 /* ItemRowView.swift */; };
		E32B81992774D78D00EDD725 /* Binding-OnChange.swift in Sources */ = {isa = PBXBuildFile; fileRef = E32B81982774D78D00EDD725 /* Binding-OnChange.swift */; };
		E34FF555276FCBF800336D72 /* StokeProgresionApp.swift in Sources */ = {isa = PBXBuildFile; fileRef = E34FF554276FCBF800336D72 /* StokeProgresionApp.swift */; };
		E34FF557276FCBF800336D72 /* ContentView.swift in Sources */ = {isa = PBXBuildFile; fileRef = E34FF556276FCBF800336D72 /* ContentView.swift */; };
		E34FF559276FCBF800336D72 /* Assets.xcassets in Resources */ = {isa = PBXBuildFile; fileRef = E34FF558276FCBF800336D72 /* Assets.xcassets */; };
		E34FF55C276FCBF800336D72 /* Preview Assets.xcassets in Resources */ = {isa = PBXBuildFile; fileRef = E34FF55B276FCBF800336D72 /* Preview Assets.xcassets */; };
		E34FF564276FCCE900336D72 /* main.xcdatamodeld in Sources */ = {isa = PBXBuildFile; fileRef = E34FF562276FCCE900336D72 /* main.xcdatamodeld */; };
		E34FF566276FD09900336D72 /* DataController.swift in Sources */ = {isa = PBXBuildFile; fileRef = E34FF565276FD09900336D72 /* DataController.swift */; };
		E34FF56B276FD94600336D72 /* CloudKit.framework in Frameworks */ = {isa = PBXBuildFile; fileRef = E34FF56A276FD94600336D72 /* CloudKit.framework */; };
		E34FF56D276FDB5A00336D72 /* HomeView.swift in Sources */ = {isa = PBXBuildFile; fileRef = E34FF56C276FDB5A00336D72 /* HomeView.swift */; };
		E34FF56F276FDC4000336D72 /* ProjectsView.swift in Sources */ = {isa = PBXBuildFile; fileRef = E34FF56E276FDC4000336D72 /* ProjectsView.swift */; };
		E37A262A2794BA0D005A51A1 /* SelectSomethingView.swift in Sources */ = {isa = PBXBuildFile; fileRef = E37A26292794BA0D005A51A1 /* SelectSomethingView.swift */; };
		E3862FE82798C41B001E216B /* Bundle-Decodable.swift in Sources */ = {isa = PBXBuildFile; fileRef = E3862FE72798C41B001E216B /* Bundle-Decodable.swift */; };
		E3862FEA2798CB0A001E216B /* Awards.json in Resources */ = {isa = PBXBuildFile; fileRef = E3862FE92798CB0A001E216B /* Awards.json */; };
		E3862FEC2798CB8A001E216B /* Award.swift in Sources */ = {isa = PBXBuildFile; fileRef = E3862FEB2798CB8A001E216B /* Award.swift */; };
		E3862FEE2798CC27001E216B /* AwardsView.swift in Sources */ = {isa = PBXBuildFile; fileRef = E3862FED2798CC27001E216B /* AwardsView.swift */; };
		E38E7A8D277B511C00EF447B /* Sequence-Sorting.swift in Sources */ = {isa = PBXBuildFile; fileRef = E38E7A8C277B511C00EF447B /* Sequence-Sorting.swift */; };
		E3AF29B527761D190005657E /* ProjectHeaderView.swift in Sources */ = {isa = PBXBuildFile; fileRef = E3AF29B427761D190005657E /* ProjectHeaderView.swift */; };
		E3AF29B7277620480005657E /* colors.xcassets in Resources */ = {isa = PBXBuildFile; fileRef = E3AF29B6277620480005657E /* colors.xcassets */; };
		E3AF29B9277621A80005657E /* EditProjectView.swift in Sources */ = {isa = PBXBuildFile; fileRef = E3AF29B8277621A80005657E /* EditProjectView.swift */; };
/* End PBXBuildFile section */

/* Begin PBXFileReference section */
		E32B81902773FA5600EDD725 /* Item-CoreDataHelpers.swift */ = {isa = PBXFileReference; lastKnownFileType = sourcecode.swift; path = "Item-CoreDataHelpers.swift"; sourceTree = "<group>"; };
		E32B81922773FBBA00EDD725 /* Project-CoreDataHelpers.swift */ = {isa = PBXFileReference; lastKnownFileType = sourcecode.swift; path = "Project-CoreDataHelpers.swift"; sourceTree = "<group>"; };
		E32B81942774D0A800EDD725 /* EditItemView.swift */ = {isa = PBXFileReference; lastKnownFileType = sourcecode.swift; path = EditItemView.swift; sourceTree = "<group>"; };
		E32B81962774D53100EDD725 /* ItemRowView.swift */ = {isa = PBXFileReference; lastKnownFileType = sourcecode.swift; path = ItemRowView.swift; sourceTree = "<group>"; };
		E32B81982774D78D00EDD725 /* Binding-OnChange.swift */ = {isa = PBXFileReference; lastKnownFileType = sourcecode.swift; path = "Binding-OnChange.swift"; sourceTree = "<group>"; };
		E34FF551276FCBF800336D72 /* StokeProgresion.app */ = {isa = PBXFileReference; explicitFileType = wrapper.application; includeInIndex = 0; path = StokeProgresion.app; sourceTree = BUILT_PRODUCTS_DIR; };
		E34FF554276FCBF800336D72 /* StokeProgresionApp.swift */ = {isa = PBXFileReference; lastKnownFileType = sourcecode.swift; path = StokeProgresionApp.swift; sourceTree = "<group>"; };
		E34FF556276FCBF800336D72 /* ContentView.swift */ = {isa = PBXFileReference; lastKnownFileType = sourcecode.swift; path = ContentView.swift; sourceTree = "<group>"; };
		E34FF558276FCBF800336D72 /* Assets.xcassets */ = {isa = PBXFileReference; lastKnownFileType = folder.assetcatalog; path = Assets.xcassets; sourceTree = "<group>"; };
		E34FF55B276FCBF800336D72 /* Preview Assets.xcassets */ = {isa = PBXFileReference; lastKnownFileType = folder.assetcatalog; path = "Preview Assets.xcassets"; sourceTree = "<group>"; };
		E34FF563276FCCE900336D72 /* main.xcdatamodel */ = {isa = PBXFileReference; lastKnownFileType = wrapper.xcdatamodel; path = main.xcdatamodel; sourceTree = "<group>"; };
		E34FF565276FD09900336D72 /* DataController.swift */ = {isa = PBXFileReference; lastKnownFileType = sourcecode.swift; path = DataController.swift; sourceTree = "<group>"; };
		E34FF567276FD92100336D72 /* StokeProgresion.entitlements */ = {isa = PBXFileReference; lastKnownFileType = text.plist.entitlements; path = StokeProgresion.entitlements; sourceTree = "<group>"; };
		E34FF568276FD92A00336D72 /* Info.plist */ = {isa = PBXFileReference; lastKnownFileType = text.plist; path = Info.plist; sourceTree = "<group>"; };
		E34FF56A276FD94600336D72 /* CloudKit.framework */ = {isa = PBXFileReference; lastKnownFileType = wrapper.framework; name = CloudKit.framework; path = System/Library/Frameworks/CloudKit.framework; sourceTree = SDKROOT; };
		E34FF56C276FDB5A00336D72 /* HomeView.swift */ = {isa = PBXFileReference; lastKnownFileType = sourcecode.swift; path = HomeView.swift; sourceTree = "<group>"; };
		E34FF56E276FDC4000336D72 /* ProjectsView.swift */ = {isa = PBXFileReference; lastKnownFileType = sourcecode.swift; path = ProjectsView.swift; sourceTree = "<group>"; };
		E37A26292794BA0D005A51A1 /* SelectSomethingView.swift */ = {isa = PBXFileReference; lastKnownFileType = sourcecode.swift; path = SelectSomethingView.swift; sourceTree = "<group>"; };
		E3862FE72798C41B001E216B /* Bundle-Decodable.swift */ = {isa = PBXFileReference; lastKnownFileType = sourcecode.swift; path = "Bundle-Decodable.swift"; sourceTree = "<group>"; };
		E3862FE92798CB0A001E216B /* Awards.json */ = {isa = PBXFileReference; fileEncoding = 4; lastKnownFileType = text.json; path = Awards.json; sourceTree = "<group>"; };
		E3862FEB2798CB8A001E216B /* Award.swift */ = {isa = PBXFileReference; lastKnownFileType = sourcecode.swift; path = Award.swift; sourceTree = "<group>"; };
		E3862FED2798CC27001E216B /* AwardsView.swift */ = {isa = PBXFileReference; lastKnownFileType = sourcecode.swift; path = AwardsView.swift; sourceTree = "<group>"; };
		E38E7A8C277B511C00EF447B /* Sequence-Sorting.swift */ = {isa = PBXFileReference; lastKnownFileType = sourcecode.swift; path = "Sequence-Sorting.swift"; sourceTree = "<group>"; };
		E3AF29B427761D190005657E /* ProjectHeaderView.swift */ = {isa = PBXFileReference; lastKnownFileType = sourcecode.swift; path = ProjectHeaderView.swift; sourceTree = "<group>"; };
		E3AF29B6277620480005657E /* colors.xcassets */ = {isa = PBXFileReference; lastKnownFileType = folder.assetcatalog; path = colors.xcassets; sourceTree = "<group>"; };
		E3AF29B8277621A80005657E /* EditProjectView.swift */ = {isa = PBXFileReference; lastKnownFileType = sourcecode.swift; path = EditProjectView.swift; sourceTree = "<group>"; };
/* End PBXFileReference section */

/* Begin PBXFrameworksBuildPhase section */
		E34FF54E276FCBF800336D72 /* Frameworks */ = {
			isa = PBXFrameworksBuildPhase;
			buildActionMask = 2147483647;
			files = (
				E34FF56B276FD94600336D72 /* CloudKit.framework in Frameworks */,
			);
			runOnlyForDeploymentPostprocessing = 0;
		};
/* End PBXFrameworksBuildPhase section */

/* Begin PBXGroup section */
		E34FF548276FCBF800336D72 = {
			isa = PBXGroup;
			children = (
				E34FF553276FCBF800336D72 /* StokeProgresion */,
				E34FF552276FCBF800336D72 /* Products */,
				E34FF569276FD94600336D72 /* Frameworks */,
			);
			sourceTree = "<group>";
		};
		E34FF552276FCBF800336D72 /* Products */ = {
			isa = PBXGroup;
			children = (
				E34FF551276FCBF800336D72 /* StokeProgresion.app */,
			);
			name = Products;
			sourceTree = "<group>";
		};
		E34FF553276FCBF800336D72 /* StokeProgresion */ = {
			isa = PBXGroup;
			children = (
				E34FF568276FD92A00336D72 /* Info.plist */,
				E34FF567276FD92100336D72 /* StokeProgresion.entitlements */,
				E34FF554276FCBF800336D72 /* StokeProgresionApp.swift */,
				E34FF565276FD09900336D72 /* DataController.swift */,
				E34FF556276FCBF800336D72 /* ContentView.swift */,
				E32B81942774D0A800EDD725 /* EditItemView.swift */,
				E3AF29B427761D190005657E /* ProjectHeaderView.swift */,
				E3AF29B6277620480005657E /* colors.xcassets */,
				E32B81982774D78D00EDD725 /* Binding-OnChange.swift */,
				E34FF56C276FDB5A00336D72 /* HomeView.swift */,
				E34FF56E276FDC4000336D72 /* ProjectsView.swift */,
				E37A26292794BA0D005A51A1 /* SelectSomethingView.swift */,
				E38E7A8C277B511C00EF447B /* Sequence-Sorting.swift */,
				E3AF29B8277621A80005657E /* EditProjectView.swift */,
				E32B81962774D53100EDD725 /* ItemRowView.swift */,
				E32B81902773FA5600EDD725 /* Item-CoreDataHelpers.swift */,
				E32B81922773FBBA00EDD725 /* Project-CoreDataHelpers.swift */,
				E34FF562276FCCE900336D72 /* main.xcdatamodeld */,
				E34FF558276FCBF800336D72 /* Assets.xcassets */,
				E34FF55A276FCBF800336D72 /* Preview Content */,
				E3862FE72798C41B001E216B /* Bundle-Decodable.swift */,
				E3862FE92798CB0A001E216B /* Awards.json */,
				E3862FEB2798CB8A001E216B /* Award.swift */,
				E3862FED2798CC27001E216B /* AwardsView.swift */,
			);
			path = StokeProgresion;
			sourceTree = "<group>";
		};
		E34FF55A276FCBF800336D72 /* Preview Content */ = {
			isa = PBXGroup;
			children = (
				E34FF55B276FCBF800336D72 /* Preview Assets.xcassets */,
			);
			path = "Preview Content";
			sourceTree = "<group>";
		};
		E34FF569276FD94600336D72 /* Frameworks */ = {
			isa = PBXGroup;
			children = (
				E34FF56A276FD94600336D72 /* CloudKit.framework */,
			);
			name = Frameworks;
			sourceTree = "<group>";
		};
/* End PBXGroup section */

/* Begin PBXNativeTarget section */
		E34FF550276FCBF800336D72 /* StokeProgresion */ = {
			isa = PBXNativeTarget;
			buildConfigurationList = E34FF55F276FCBF800336D72 /* Build configuration list for PBXNativeTarget "StokeProgresion" */;
			buildPhases = (
				E34FF54D276FCBF800336D72 /* Sources */,
				E34FF54E276FCBF800336D72 /* Frameworks */,
				E34FF54F276FCBF800336D72 /* Resources */,
			);
			buildRules = (
			);
			dependencies = (
			);
			name = StokeProgresion;
			productName = StokeProgresion;
			productReference = E34FF551276FCBF800336D72 /* StokeProgresion.app */;
			productType = "com.apple.product-type.application";
		};
/* End PBXNativeTarget section */

/* Begin PBXProject section */
		E34FF549276FCBF800336D72 /* Project object */ = {
			isa = PBXProject;
			attributes = {
				BuildIndependentTargetsInParallel = 1;
				LastSwiftUpdateCheck = 1320;
				LastUpgradeCheck = 1320;
				TargetAttributes = {
					E34FF550276FCBF800336D72 = {
						CreatedOnToolsVersion = 13.2.1;
					};
				};
			};
			buildConfigurationList = E34FF54C276FCBF800336D72 /* Build configuration list for PBXProject "StokeProgresion" */;
			compatibilityVersion = "Xcode 13.0";
			developmentRegion = en;
			hasScannedForEncodings = 0;
			knownRegions = (
				en,
				Base,
			);
			mainGroup = E34FF548276FCBF800336D72;
			productRefGroup = E34FF552276FCBF800336D72 /* Products */;
			projectDirPath = "";
			projectRoot = "";
			targets = (
				E34FF550276FCBF800336D72 /* StokeProgresion */,
			);
		};
/* End PBXProject section */

/* Begin PBXResourcesBuildPhase section */
		E34FF54F276FCBF800336D72 /* Resources */ = {
			isa = PBXResourcesBuildPhase;
			buildActionMask = 2147483647;
			files = (
				E3AF29B7277620480005657E /* colors.xcassets in Resources */,
				E3862FEA2798CB0A001E216B /* Awards.json in Resources */,
				E34FF55C276FCBF800336D72 /* Preview Assets.xcassets in Resources */,
				E34FF559276FCBF800336D72 /* Assets.xcassets in Resources */,
			);
			runOnlyForDeploymentPostprocessing = 0;
		};
/* End PBXResourcesBuildPhase section */

/* Begin PBXSourcesBuildPhase section */
		E34FF54D276FCBF800336D72 /* Sources */ = {
			isa = PBXSourcesBuildPhase;
			buildActionMask = 2147483647;
			files = (
				E34FF56F276FDC4000336D72 /* ProjectsView.swift in Sources */,
				E3AF29B527761D190005657E /* ProjectHeaderView.swift in Sources */,
				E3862FEE2798CC27001E216B /* AwardsView.swift in Sources */,
				E34FF557276FCBF800336D72 /* ContentView.swift in Sources */,
				E32B81932773FBBA00EDD725 /* Project-CoreDataHelpers.swift in Sources */,
				E3AF29B9277621A80005657E /* EditProjectView.swift in Sources */,
				E34FF566276FD09900336D72 /* DataController.swift in Sources */,
				E37A262A2794BA0D005A51A1 /* SelectSomethingView.swift in Sources */,
				E3862FEC2798CB8A001E216B /* Award.swift in Sources */,
				E32B81972774D53100EDD725 /* ItemRowView.swift in Sources */,
				E34FF564276FCCE900336D72 /* main.xcdatamodeld in Sources */,
				E32B81992774D78D00EDD725 /* Binding-OnChange.swift in Sources */,
				E38E7A8D277B511C00EF447B /* Sequence-Sorting.swift in Sources */,
				E3862FE82798C41B001E216B /* Bundle-Decodable.swift in Sources */,
				E34FF56D276FDB5A00336D72 /* HomeView.swift in Sources */,
				E34FF555276FCBF800336D72 /* StokeProgresionApp.swift in Sources */,
				E32B81912773FA5600EDD725 /* Item-CoreDataHelpers.swift in Sources */,
				E32B81952774D0A800EDD725 /* EditItemView.swift in Sources */,
			);
			runOnlyForDeploymentPostprocessing = 0;
		};
/* End PBXSourcesBuildPhase section */

/* Begin XCBuildConfiguration section */
		E34FF55D276FCBF800336D72 /* Debug */ = {
			isa = XCBuildConfiguration;
			buildSettings = {
				ALWAYS_SEARCH_USER_PATHS = NO;
				CLANG_ANALYZER_NONNULL = YES;
				CLANG_ANALYZER_NUMBER_OBJECT_CONVERSION = YES_AGGRESSIVE;
				CLANG_CXX_LANGUAGE_STANDARD = "gnu++17";
				CLANG_CXX_LIBRARY = "libc++";
				CLANG_ENABLE_MODULES = YES;
				CLANG_ENABLE_OBJC_ARC = YES;
				CLANG_ENABLE_OBJC_WEAK = YES;
				CLANG_WARN_BLOCK_CAPTURE_AUTORELEASING = YES;
				CLANG_WARN_BOOL_CONVERSION = YES;
				CLANG_WARN_COMMA = YES;
				CLANG_WARN_CONSTANT_CONVERSION = YES;
				CLANG_WARN_DEPRECATED_OBJC_IMPLEMENTATIONS = YES;
				CLANG_WARN_DIRECT_OBJC_ISA_USAGE = YES_ERROR;
				CLANG_WARN_DOCUMENTATION_COMMENTS = YES;
				CLANG_WARN_EMPTY_BODY = YES;
				CLANG_WARN_ENUM_CONVERSION = YES;
				CLANG_WARN_INFINITE_RECURSION = YES;
				CLANG_WARN_INT_CONVERSION = YES;
				CLANG_WARN_NON_LITERAL_NULL_CONVERSION = YES;
				CLANG_WARN_OBJC_IMPLICIT_RETAIN_SELF = YES;
				CLANG_WARN_OBJC_LITERAL_CONVERSION = YES;
				CLANG_WARN_OBJC_ROOT_CLASS = YES_ERROR;
				CLANG_WARN_QUOTED_INCLUDE_IN_FRAMEWORK_HEADER = YES;
				CLANG_WARN_RANGE_LOOP_ANALYSIS = YES;
				CLANG_WARN_STRICT_PROTOTYPES = YES;
				CLANG_WARN_SUSPICIOUS_MOVE = YES;
				CLANG_WARN_UNGUARDED_AVAILABILITY = YES_AGGRESSIVE;
				CLANG_WARN_UNREACHABLE_CODE = YES;
				CLANG_WARN__DUPLICATE_METHOD_MATCH = YES;
				COPY_PHASE_STRIP = NO;
				DEBUG_INFORMATION_FORMAT = dwarf;
				ENABLE_STRICT_OBJC_MSGSEND = YES;
				ENABLE_TESTABILITY = YES;
				GCC_C_LANGUAGE_STANDARD = gnu11;
				GCC_DYNAMIC_NO_PIC = NO;
				GCC_NO_COMMON_BLOCKS = YES;
				GCC_OPTIMIZATION_LEVEL = 0;
				GCC_PREPROCESSOR_DEFINITIONS = (
					"DEBUG=1",
					"$(inherited)",
				);
				GCC_WARN_64_TO_32_BIT_CONVERSION = YES;
				GCC_WARN_ABOUT_RETURN_TYPE = YES_ERROR;
				GCC_WARN_UNDECLARED_SELECTOR = YES;
				GCC_WARN_UNINITIALIZED_AUTOS = YES_AGGRESSIVE;
				GCC_WARN_UNUSED_FUNCTION = YES;
				GCC_WARN_UNUSED_VARIABLE = YES;
				IPHONEOS_DEPLOYMENT_TARGET = 15.2;
				MTL_ENABLE_DEBUG_INFO = INCLUDE_SOURCE;
				MTL_FAST_MATH = YES;
				ONLY_ACTIVE_ARCH = YES;
				SDKROOT = iphoneos;
				SWIFT_ACTIVE_COMPILATION_CONDITIONS = DEBUG;
				SWIFT_OPTIMIZATION_LEVEL = "-Onone";
			};
			name = Debug;
		};
		E34FF55E276FCBF800336D72 /* Release */ = {
			isa = XCBuildConfiguration;
			buildSettings = {
				ALWAYS_SEARCH_USER_PATHS = NO;
				CLANG_ANALYZER_NONNULL = YES;
				CLANG_ANALYZER_NUMBER_OBJECT_CONVERSION = YES_AGGRESSIVE;
				CLANG_CXX_LANGUAGE_STANDARD = "gnu++17";
				CLANG_CXX_LIBRARY = "libc++";
				CLANG_ENABLE_MODULES = YES;
				CLANG_ENABLE_OBJC_ARC = YES;
				CLANG_ENABLE_OBJC_WEAK = YES;
				CLANG_WARN_BLOCK_CAPTURE_AUTORELEASING = YES;
				CLANG_WARN_BOOL_CONVERSION = YES;
				CLANG_WARN_COMMA = YES;
				CLANG_WARN_CONSTANT_CONVERSION = YES;
				CLANG_WARN_DEPRECATED_OBJC_IMPLEMENTATIONS = YES;
				CLANG_WARN_DIRECT_OBJC_ISA_USAGE = YES_ERROR;
				CLANG_WARN_DOCUMENTATION_COMMENTS = YES;
				CLANG_WARN_EMPTY_BODY = YES;
				CLANG_WARN_ENUM_CONVERSION = YES;
				CLANG_WARN_INFINITE_RECURSION = YES;
				CLANG_WARN_INT_CONVERSION = YES;
				CLANG_WARN_NON_LITERAL_NULL_CONVERSION = YES;
				CLANG_WARN_OBJC_IMPLICIT_RETAIN_SELF = YES;
				CLANG_WARN_OBJC_LITERAL_CONVERSION = YES;
				CLANG_WARN_OBJC_ROOT_CLASS = YES_ERROR;
				CLANG_WARN_QUOTED_INCLUDE_IN_FRAMEWORK_HEADER = YES;
				CLANG_WARN_RANGE_LOOP_ANALYSIS = YES;
				CLANG_WARN_STRICT_PROTOTYPES = YES;
				CLANG_WARN_SUSPICIOUS_MOVE = YES;
				CLANG_WARN_UNGUARDED_AVAILABILITY = YES_AGGRESSIVE;
				CLANG_WARN_UNREACHABLE_CODE = YES;
				CLANG_WARN__DUPLICATE_METHOD_MATCH = YES;
				COPY_PHASE_STRIP = NO;
				DEBUG_INFORMATION_FORMAT = "dwarf-with-dsym";
				ENABLE_NS_ASSERTIONS = NO;
				ENABLE_STRICT_OBJC_MSGSEND = YES;
				GCC_C_LANGUAGE_STANDARD = gnu11;
				GCC_NO_COMMON_BLOCKS = YES;
				GCC_WARN_64_TO_32_BIT_CONVERSION = YES;
				GCC_WARN_ABOUT_RETURN_TYPE = YES_ERROR;
				GCC_WARN_UNDECLARED_SELECTOR = YES;
				GCC_WARN_UNINITIALIZED_AUTOS = YES_AGGRESSIVE;
				GCC_WARN_UNUSED_FUNCTION = YES;
				GCC_WARN_UNUSED_VARIABLE = YES;
				IPHONEOS_DEPLOYMENT_TARGET = 15.2;
				MTL_ENABLE_DEBUG_INFO = NO;
				MTL_FAST_MATH = YES;
				SDKROOT = iphoneos;
				SWIFT_COMPILATION_MODE = wholemodule;
				SWIFT_OPTIMIZATION_LEVEL = "-O";
				VALIDATE_PRODUCT = YES;
			};
			name = Release;
		};
		E34FF560276FCBF800336D72 /* Debug */ = {
			isa = XCBuildConfiguration;
			buildSettings = {
				ASSETCATALOG_COMPILER_APPICON_NAME = AppIcon;
				ASSETCATALOG_COMPILER_GLOBAL_ACCENT_COLOR_NAME = AccentColor;
				CODE_SIGN_ENTITLEMENTS = StokeProgresion/StokeProgresion.entitlements;
				CODE_SIGN_STYLE = Automatic;
				CURRENT_PROJECT_VERSION = 1;
				DEVELOPMENT_ASSET_PATHS = "\"StokeProgresion/Preview Content\"";
				DEVELOPMENT_TEAM = UR55Z4WBJ2;
				ENABLE_PREVIEWS = YES;
				GENERATE_INFOPLIST_FILE = YES;
				INFOPLIST_FILE = StokeProgresion/Info.plist;
				INFOPLIST_KEY_UIApplicationSceneManifest_Generation = YES;
				INFOPLIST_KEY_UIApplicationSupportsIndirectInputEvents = YES;
				INFOPLIST_KEY_UILaunchScreen_Generation = YES;
				INFOPLIST_KEY_UISupportedInterfaceOrientations_iPad = "UIInterfaceOrientationPortrait UIInterfaceOrientationPortraitUpsideDown UIInterfaceOrientationLandscapeLeft UIInterfaceOrientationLandscapeRight";
				INFOPLIST_KEY_UISupportedInterfaceOrientations_iPhone = "UIInterfaceOrientationPortrait UIInterfaceOrientationLandscapeLeft UIInterfaceOrientationLandscapeRight";
				IPHONEOS_DEPLOYMENT_TARGET = 15.0;
				LD_RUNPATH_SEARCH_PATHS = (
					"$(inherited)",
					"@executable_path/Frameworks",
				);
				MARKETING_VERSION = 1.0;
				PRODUCT_BUNDLE_IDENTIFIER = com.pricetecdesigns.StokeProgresion;
				PRODUCT_NAME = "$(TARGET_NAME)";
				SWIFT_EMIT_LOC_STRINGS = YES;
				SWIFT_VERSION = 5.0;
				TARGETED_DEVICE_FAMILY = "1,2";
			};
			name = Debug;
		};
		E34FF561276FCBF800336D72 /* Release */ = {
			isa = XCBuildConfiguration;
			buildSettings = {
				ASSETCATALOG_COMPILER_APPICON_NAME = AppIcon;
				ASSETCATALOG_COMPILER_GLOBAL_ACCENT_COLOR_NAME = AccentColor;
				CODE_SIGN_ENTITLEMENTS = StokeProgresion/StokeProgresion.entitlements;
				CODE_SIGN_STYLE = Automatic;
				CURRENT_PROJECT_VERSION = 1;
				DEVELOPMENT_ASSET_PATHS = "\"StokeProgresion/Preview Content\"";
				DEVELOPMENT_TEAM = UR55Z4WBJ2;
				ENABLE_PREVIEWS = YES;
				GENERATE_INFOPLIST_FILE = YES;
				INFOPLIST_FILE = StokeProgresion/Info.plist;
				INFOPLIST_KEY_UIApplicationSceneManifest_Generation = YES;
				INFOPLIST_KEY_UIApplicationSupportsIndirectInputEvents = YES;
				INFOPLIST_KEY_UILaunchScreen_Generation = YES;
				INFOPLIST_KEY_UISupportedInterfaceOrientations_iPad = "UIInterfaceOrientationPortrait UIInterfaceOrientationPortraitUpsideDown UIInterfaceOrientationLandscapeLeft UIInterfaceOrientationLandscapeRight";
				INFOPLIST_KEY_UISupportedInterfaceOrientations_iPhone = "UIInterfaceOrientationPortrait UIInterfaceOrientationLandscapeLeft UIInterfaceOrientationLandscapeRight";
				IPHONEOS_DEPLOYMENT_TARGET = 15.0;
				LD_RUNPATH_SEARCH_PATHS = (
					"$(inherited)",
					"@executable_path/Frameworks",
				);
				MARKETING_VERSION = 1.0;
				PRODUCT_BUNDLE_IDENTIFIER = com.pricetecdesigns.StokeProgresion;
				PRODUCT_NAME = "$(TARGET_NAME)";
				SWIFT_EMIT_LOC_STRINGS = YES;
				SWIFT_VERSION = 5.0;
				TARGETED_DEVICE_FAMILY = "1,2";
			};
			name = Release;
		};
/* End XCBuildConfiguration section */

/* Begin XCConfigurationList section */
		E34FF54C276FCBF800336D72 /* Build configuration list for PBXProject "StokeProgresion" */ = {
			isa = XCConfigurationList;
			buildConfigurations = (
				E34FF55D276FCBF800336D72 /* Debug */,
				E34FF55E276FCBF800336D72 /* Release */,
			);
			defaultConfigurationIsVisible = 0;
			defaultConfigurationName = Release;
		};
		E34FF55F276FCBF800336D72 /* Build configuration list for PBXNativeTarget "StokeProgresion" */ = {
			isa = XCConfigurationList;
			buildConfigurations = (
				E34FF560276FCBF800336D72 /* Debug */,
				E34FF561276FCBF800336D72 /* Release */,
			);
			defaultConfigurationIsVisible = 0;
			defaultConfigurationName = Release;
		};
/* End XCConfigurationList section */

/* Begin XCVersionGroup section */
		E34FF562276FCCE900336D72 /* main.xcdatamodeld */ = {
			isa = XCVersionGroup;
			children = (
				E34FF563276FCCE900336D72 /* main.xcdatamodel */,
			);
			currentVersion = E34FF563276FCCE900336D72 /* main.xcdatamodel */;
			path = main.xcdatamodeld;
			sourceTree = "<group>";
			versionGroupType = wrapper.xcdatamodel;
		};
/* End XCVersionGroup section */
	};
	rootObject = E34FF549276FCBF800336D72 /* Project object */;
}
